
Microsoft Visual Studio Solution File, Format Version 12.00
# Visual Studio Version 16
VisualStudioVersion = 16.0.30804.86
MinimumVisualStudioVersion = 10.0.40219.1
Project("{FAE04EC0-301F-11D3-BF4B-00C04F79EFBC}") = "KnowledgeCompetition_Project", "KnowledgeCompetition_Project\KnowledgeCompetition_Project.csproj", "{D214F3F5-252D-49C8-96CC-DCC58A27E3AF}"
EndProject
Global
	GlobalSection(SolutionConfigurationPlatforms) = preSolution
		Debug|Any CPU = Debug|Any CPU
		Release|Any CPU = Release|Any CPU
	EndGlobalSection
	GlobalSection(ProjectConfigurationPlatforms) = postSolution
		{D214F3F5-252D-49C8-96CC-DCC58A27E3AF}.Debug|Any CPU.ActiveCfg = Debug|Any CPU
		{D214F3F5-252D-49C8-96CC-DCC58A27E3AF}.Debug|Any CPU.Build.0 = Debug|Any CPU
		{D214F3F5-252D-49C8-96CC-DCC58A27E3AF}.Release|Any CPU.ActiveCfg = Release|Any CPU
		{D214F3F5-252D-49C8-96CC-DCC58A27E3AF}.Release|Any CPU.Build.0 = Release|Any CPU
	EndGlobalSection
	GlobalSection(SolutionProperties) = preSolution
		HideSolutionNode = FALSE
	EndGlobalSection
	GlobalSection(ExtensibilityGlobals) = postSolution
		SolutionGuid = {CBC5F15B-9C23-4F7F-BD1D-51D4500BBB00}
	EndGlobalSection
EndGlobal
